
Microsoft Visual Studio Solution File, Format Version 12.00
# Visual Studio Version 17
VisualStudioVersion = 17.14.37027.9 d17.14
MinimumVisualStudioVersion = 10.0.40219.1
Project("{FAE04EC0-301F-11D3-BF4B-00C04F79EFBC}") = "Dental Clinic", "Dental Clinic\Dental Clinic.csproj", "{DC2B0DC2-D6AE-4D1A-B6EB-CD64C8E73E02}"
EndProject
Global
	GlobalSection(SolutionConfigurationPlatforms) = preSolution
		Debug|Any CPU = Debug|Any CPU
		Release|Any CPU = Release|Any CPU
	EndGlobalSection
	GlobalSection(ProjectConfigurationPlatforms) = postSolution
		{DC2B0DC2-D6AE-4D1A-B6EB-CD64C8E73E02}.Debug|Any CPU.ActiveCfg = Debug|Any CPU
		{DC2B0DC2-D6AE-4D1A-B6EB-CD64C8E73E02}.Debug|Any CPU.Build.0 = Debug|Any CPU
		{DC2B0DC2-D6AE-4D1A-B6EB-CD64C8E73E02}.Release|Any CPU.ActiveCfg = Release|Any CPU
		{DC2B0DC2-D6AE-4D1A-B6EB-CD64C8E73E02}.Release|Any CPU.Build.0 = Release|Any CPU
	EndGlobalSection
	GlobalSection(SolutionProperties) = preSolution
		HideSolutionNode = FALSE
	EndGlobalSection
	GlobalSection(ExtensibilityGlobals) = postSolution
		SolutionGuid = {CA1B8750-FC03-4C0E-A555-319BE7547762}
	EndGlobalSection
EndGlobal
